# Linux x86_64 / CPython 3.11 lock; regenerate per README.
certifi==2026.7.22 \
    --hash=sha256:62f22742b58a1a33014a2b6b706588a8d7e2a88ae7bd1a6ebe8c992928483775
charset-normalizer==3.4.9 \
    --hash=sha256:04ce310cb89c15df659582aee80a0603788732a5e017d5bd5c81158106ce249c
deprecated==1.3.1 \
    --hash=sha256:597bfef186b6f60181535a29fbe44865ce137a5079f295b479886c82729d5f3f
idna==3.18 \
    --hash=sha256:7f952cbe720b688055e3f87de14f5c3e5fdaa8bc3928985c4077ca689de849a2
mss==10.2.0 \
    --hash=sha256:e79f428899280e7e64e38365b5bfed683851ebea807eeaeadaf06eb8e0d67197
nodriver==0.50.3 \
    --hash=sha256:a053533108c14c309a7613445e6c7fb460b6b165c144a062e1b2f39e4f7b396b
numpy==2.2.6 \
    --hash=sha256:ba10f8411898fc418a521833e014a77d3ca01c15b0c6cdcce6a0d2897e6dbbdf
opencv-python-headless==4.11.0.86 \
    --hash=sha256:0e0a27c19dd1f40ddff94976cfe43066fbbe9dfbb2ec1907d66c19caef42a57b
requests==2.34.2 \
    --hash=sha256:2a0d60c172f83ac6ab31e4554906c0f3b3588d37b5cb939b1c061f4907e278e0
urllib3==2.7.0 \
    --hash=sha256:9fb4c81ebbb1ce9531cce37674bbc6f1360472bc18ca9a553ede278ef7276897
websockets==17.0.1 \
    --hash=sha256:d41e9845514754a42d1d83b2fca9d27fee2ca7b3b0bee6843ba5a9bb2b6e25ac
wrapt==2.3.0 \
    --hash=sha256:fc648a335d7e01adb3640b25f02fd0ea05886cf04d0af7f4ee902bc7b5e466e8
